<?xml version="1.0" encoding="utf-8"?>
<Project ToolsVersion="4.0" xmlns="http://schemas.microsoft.com/developer/msbuild/2003">
  <ItemGroup>
    <Filter Include="Source Files">
      <UniqueIdentifier>{4FC737F1-C7A5-4376-A066-2A32D752A2FF}</UniqueIdentifier>
      <Extensions>cpp;c;cc;cxx;def;odl;idl;hpj;bat;asm;asmx</Extensions>
    </Filter>
    <Filter Include="Source Files\RLMath">
      <UniqueIdentifier>{8340cc61-7555-4674-ac1a-17e8367b38b9}</UniqueIdentifier>
    </Filter>
    <Filter Include="Source Files\ThirdParty">
      <UniqueIdentifier>{1c816059-b377-41cb-b094-d9fe1d54576b}</UniqueIdentifier>
    </Filter>
    <Filter Include="Source Files\ThirdParty\imgui">
      <UniqueIdentifier>{5d00f57b-f6dc-4065-acb9-fe9b2428841f}</UniqueIdentifier>
    </Filter>
    <Filter Include="Source Files\ThirdParty\SDL2">
      <UniqueIdentifier>{0afee640-3b56-4c9a-adee-c356027734a7}</UniqueIdentifier>
    </Filter>
    <Filter Include="Source Files\ThirdParty\imgui\examples">
      <UniqueIdentifier>{75c16a32-1458-4aa1-a582-90f155b7e217}</UniqueIdentifier>
    </Filter>
    <Filter Include="Source Files\ThirdParty\GL">
      <UniqueIdentifier>{d81a90e4-492b-47c6-8340-9100b8928dde}</UniqueIdentifier>
    </Filter>
    <Filter Include="Source Files\ThirdParty\imgui\examples\sdl_opengl3_example">
      <UniqueIdentifier>{b7adde38-6598-485c-ba0e-211c636bd661}</UniqueIdentifier>
    </Filter>
    <Filter Include="Source Files\ThirdParty\lest">
      <UniqueIdentifier>{65d2516c-2d5c-4f2c-8bcb-7a6713e1ce58}</UniqueIdentifier>
    </Filter>
    <Filter Include="Source Files\Scenes">
      <UniqueIdentifier>{681ede4a-c0ee-4c70-bb8c-875d3922e901}</UniqueIdentifier>
    </Filter>
    <Filter Include="Source Files\ThirdParty\SDL2\include">
      <UniqueIdentifier>{9e442453-9e39-452f-bf06-5bc8575efdf1}</UniqueIdentifier>
    </Filter>
  </ItemGroup>
  <ItemGroup>
    <ClInclude Include="src\RLMath\RLMath.h">
      <Filter>Source Files\RLMath</Filter>
    </ClInclude>
    <ClInclude Include="src\ThirdParty\imgui\imconfig.h">
      <Filter>Source Files\ThirdParty\imgui</Filter>
    </ClInclude>
    <ClInclude Include="src\ThirdParty\imgui\imgui.h">
      <Filter>Source Files\ThirdParty\imgui</Filter>
    </ClInclude>
    <ClInclude Include="src\ThirdParty\imgui\imgui_internal.h">
      <Filter>Source Files\ThirdParty\imgui</Filter>
    </ClInclude>
    <ClInclude Include="src\ThirdParty\imgui\stb_rect_pack.h">
      <Filter>Source Files\ThirdParty\imgui</Filter>
    </ClInclude>
    <ClInclude Include="src\ThirdParty\imgui\stb_textedit.h">
      <Filter>Source Files\ThirdParty\imgui</Filter>
    </ClInclude>
    <ClInclude Include="src\ThirdParty\imgui\stb_truetype.h">
      <Filter>Source Files\ThirdParty\imgui</Filter>
    </ClInclude>
    <ClInclude Include="src\ThirdParty\GL\gl3w.h">
      <Filter>Source Files\ThirdParty\GL</Filter>
    </ClInclude>
    <ClInclude Include="src\ThirdParty\GL\glcorearb.h">
      <Filter>Source Files\ThirdParty\GL</Filter>
    </ClInclude>
    <ClInclude Include="src\ThirdParty\imgui\examples\sdl_opengl3_example\imgui_impl_sdl_gl3.h">
      <Filter>Source Files\ThirdParty\imgui\examples\sdl_opengl3_example</Filter>
    </ClInclude>
    <ClInclude Include="src\Tests.h">
      <Filter>Source Files</Filter>
    </ClInclude>
    <ClInclude Include="src\main.h">
      <Filter>Source Files</Filter>
    </ClInclude>
    <ClInclude Include="src\ThirdParty\lest\lest.hpp">
      <Filter>Source Files\ThirdParty\lest</Filter>
    </ClInclude>
    <ClInclude Include="src\RLMath\Geometry.inl">
      <Filter>Source Files\RLMath</Filter>
    </ClInclude>
    <ClInclude Include="src\RLMath\Vectors.inl">
      <Filter>Source Files\RLMath</Filter>
    </ClInclude>
    <ClInclude Include="src\Scenes\CSierpinskiTriangle.h">
      <Filter>Source Files\Scenes</Filter>
    </ClInclude>
    <ClInclude Include="src\Scenes\CGeometryPlayground.h">
      <Filter>Source Files\Scenes</Filter>
    </ClInclude>
    <ClInclude Include="src\CRenderer.h">
      <Filter>Source Files</Filter>
    </ClInclude>
    <ClInclude Include="src\CUserInterface.h">
      <Filter>Source Files</Filter>
    </ClInclude>
    <ClInclude Include="src\CSceneManager.h">
      <Filter>Source Files</Filter>
    </ClInclude>
    <ClInclude Include="src\RLMath\Vectors.h">
      <Filter>Source Files\RLMath</Filter>
    </ClInclude>
    <ClInclude Include="src\RLMath\Geometry.h">
      <Filter>Source Files\RLMath</Filter>
    </ClInclude>
    <ClInclude Include="src\ThirdParty\SDL2\include\SDL_config.h">
      <Filter>Source Files\ThirdParty\SDL2\include</Filter>
    </ClInclude>
    <ClInclude Include="src\ThirdParty\SDL2\include\SDL_cpuinfo.h">
      <Filter>Source Files\ThirdParty\SDL2\include</Filter>
    </ClInclude>
    <ClInclude Include="src\ThirdParty\SDL2\include\SDL_egl.h">
      <Filter>Source Files\ThirdParty\SDL2\include</Filter>
    </ClInclude>
    <ClInclude Include="src\ThirdParty\SDL2\include\SDL_endian.h">
      <Filter>Source Files\ThirdParty\SDL2\include</Filter>
    </ClInclude>
    <ClInclude Include="src\ThirdParty\SDL2\include\SDL_error.h">
      <Filter>Source Files\ThirdParty\SDL2\include</Filter>
    </ClInclude>
    <ClInclude Include="src\ThirdParty\SDL2\include\SDL_events.h">
      <Filter>Source Files\ThirdParty\SDL2\include</Filter>
    </ClInclude>
    <ClInclude Include="src\ThirdParty\SDL2\include\SDL_filesystem.h">
      <Filter>Source Files\ThirdParty\SDL2\include</Filter>
    </ClInclude>
    <ClInclude Include="src\ThirdParty\SDL2\include\SDL_gamecontroller.h">
      <Filter>Source Files\ThirdParty\SDL2\include</Filter>
    </ClInclude>
    <ClInclude Include="src\ThirdParty\SDL2\include\SDL_gesture.h">
      <Filter>Source Files\ThirdParty\SDL2\include</Filter>
    </ClInclude>
    <ClInclude Include="src\ThirdParty\SDL2\include\SDL_haptic.h">
      <Filter>Source Files\ThirdParty\SDL2\include</Filter>
    </ClInclude>
    <ClInclude Include="src\ThirdParty\SDL2\include\SDL_hints.h">
      <Filter>Source Files\ThirdParty\SDL2\include</Filter>
    </ClInclude>
    <ClInclude Include="src\ThirdParty\SDL2\include\SDL_joystick.h">
      <Filter>Source Files\ThirdParty\SDL2\include</Filter>
    </ClInclude>
    <ClInclude Include="src\ThirdParty\SDL2\include\SDL_keyboard.h">
      <Filter>Source Files\ThirdParty\SDL2\include</Filter>
    </ClInclude>
    <ClInclude Include="src\ThirdParty\SDL2\include\SDL_keycode.h">
      <Filter>Source Files\ThirdParty\SDL2\include</Filter>
    </ClInclude>
    <ClInclude Include="src\ThirdParty\SDL2\include\SDL_loadso.h">
      <Filter>Source Files\ThirdParty\SDL2\include</Filter>
    </ClInclude>
    <ClInclude Include="src\ThirdParty\SDL2\include\SDL_log.h">
      <Filter>Source Files\ThirdParty\SDL2\include</Filter>
    </ClInclude>
    <ClInclude Include="src\ThirdParty\SDL2\include\SDL_main.h">
      <Filter>Source Files\ThirdParty\SDL2\include</Filter>
    </ClInclude>
    <ClInclude Include="src\ThirdParty\SDL2\include\SDL_messagebox.h">
      <Filter>Source Files\ThirdParty\SDL2\include</Filter>
    </ClInclude>
    <ClInclude Include="src\ThirdParty\SDL2\include\SDL_mouse.h">
      <Filter>Source Files\ThirdParty\SDL2\include</Filter>
    </ClInclude>
    <ClInclude Include="src\ThirdParty\SDL2\include\SDL_mutex.h">
      <Filter>Source Files\ThirdParty\SDL2\include</Filter>
    </ClInclude>
    <ClInclude Include="src\ThirdParty\SDL2\include\SDL_name.h">
      <Filter>Source Files\ThirdParty\SDL2\include</Filter>
    </ClInclude>
    <ClInclude Include="src\ThirdParty\SDL2\include\SDL_opengl.h">
      <Filter>Source Files\ThirdParty\SDL2\include</Filter>
    </ClInclude>
    <ClInclude Include="src\ThirdParty\SDL2\include\SDL_opengl_glext.h">
      <Filter>Source Files\ThirdParty\SDL2\include</Filter>
    </ClInclude>
    <ClInclude Include="src\ThirdParty\SDL2\include\SDL_opengles.h">
      <Filter>Source Files\ThirdParty\SDL2\include</Filter>
    </ClInclude>
    <ClInclude Include="src\ThirdParty\SDL2\include\SDL_opengles2.h">
      <Filter>Source Files\ThirdParty\SDL2\include</Filter>
    </ClInclude>
    <ClInclude Include="src\ThirdParty\SDL2\include\SDL_opengles2_gl2.h">
      <Filter>Source Files\ThirdParty\SDL2\include</Filter>
    </ClInclude>
    <ClInclude Include="src\ThirdParty\SDL2\include\SDL_opengles2_gl2ext.h">
      <Filter>Source Files\ThirdParty\SDL2\include</Filter>
    </ClInclude>
    <ClInclude Include="src\ThirdParty\SDL2\include\SDL_opengles2_gl2platform.h">
      <Filter>Source Files\ThirdParty\SDL2\include</Filter>
    </ClInclude>
    <ClInclude Include="src\ThirdParty\SDL2\include\SDL_opengles2_khrplatform.h">
      <Filter>Source Files\ThirdParty\SDL2\include</Filter>
    </ClInclude>
    <ClInclude Include="src\ThirdParty\SDL2\include\SDL_pixels.h">
      <Filter>Source Files\ThirdParty\SDL2\include</Filter>
    </ClInclude>
    <ClInclude Include="src\ThirdParty\SDL2\include\SDL_platform.h">
      <Filter>Source Files\ThirdParty\SDL2\include</Filter>
    </ClInclude>
    <ClInclude Include="src\ThirdParty\SDL2\include\SDL_power.h">
      <Filter>Source Files\ThirdParty\SDL2\include</Filter>
    </ClInclude>
    <ClInclude Include="src\ThirdParty\SDL2\include\SDL_quit.h">
      <Filter>Source Files\ThirdParty\SDL2\include</Filter>
    </ClInclude>
    <ClInclude Include="src\ThirdParty\SDL2\include\SDL_rect.h">
      <Filter>Source Files\ThirdParty\SDL2\include</Filter>
    </ClInclude>
    <ClInclude Include="src\ThirdParty\SDL2\include\SDL_render.h">
      <Filter>Source Files\ThirdParty\SDL2\include</Filter>
    </ClInclude>
    <ClInclude Include="src\ThirdParty\SDL2\include\SDL_revision.h">
      <Filter>Source Files\ThirdParty\SDL2\include</Filter>
    </ClInclude>
    <ClInclude Include="src\ThirdParty\SDL2\include\SDL_rwops.h">
      <Filter>Source Files\ThirdParty\SDL2\include</Filter>
    </ClInclude>
    <ClInclude Include="src\ThirdParty\SDL2\include\SDL_scancode.h">
      <Filter>Source Files\ThirdParty\SDL2\include</Filter>
    </ClInclude>
    <ClInclude Include="src\ThirdParty\SDL2\include\SDL_shape.h">
      <Filter>Source Files\ThirdParty\SDL2\include</Filter>
    </ClInclude>
    <ClInclude Include="src\ThirdParty\SDL2\include\SDL_stdinc.h">
      <Filter>Source Files\ThirdParty\SDL2\include</Filter>
    </ClInclude>
    <ClInclude Include="src\ThirdParty\SDL2\include\SDL_surface.h">
      <Filter>Source Files\ThirdParty\SDL2\include</Filter>
    </ClInclude>
    <ClInclude Include="src\ThirdParty\SDL2\include\SDL_system.h">
      <Filter>Source Files\ThirdParty\SDL2\include</Filter>
    </ClInclude>
    <ClInclude Include="src\ThirdParty\SDL2\include\SDL_syswm.h">
      <Filter>Source Files\ThirdParty\SDL2\include</Filter>
    </ClInclude>
    <ClInclude Include="src\ThirdParty\SDL2\include\SDL_test.h">
      <Filter>Source Files\ThirdParty\SDL2\include</Filter>
    </ClInclude>
    <ClInclude Include="src\ThirdParty\SDL2\include\SDL_test_assert.h">
      <Filter>Source Files\ThirdParty\SDL2\include</Filter>
    </ClInclude>
    <ClInclude Include="src\ThirdParty\SDL2\include\SDL_test_common.h">
      <Filter>Source Files\ThirdParty\SDL2\include</Filter>
    </ClInclude>
    <ClInclude Include="src\ThirdParty\SDL2\include\SDL_test_compare.h">
      <Filter>Source Files\ThirdParty\SDL2\include</Filter>
    </ClInclude>
    <ClInclude Include="src\ThirdParty\SDL2\include\SDL_test_crc32.h">
      <Filter>Source Files\ThirdParty\SDL2\include</Filter>
    </ClInclude>
    <ClInclude Include="src\ThirdParty\SDL2\include\SDL_test_font.h">
      <Filter>Source Files\ThirdParty\SDL2\include</Filter>
    </ClInclude>
    <ClInclude Include="src\ThirdParty\SDL2\include\SDL_test_fuzzer.h">
      <Filter>Source Files\ThirdParty\SDL2\include</Filter>
    </ClInclude>
    <ClInclude Include="src\ThirdParty\SDL2\include\SDL_test_harness.h">
      <Filter>Source Files\ThirdParty\SDL2\include</Filter>
    </ClInclude>
    <ClInclude Include="src\ThirdParty\SDL2\include\SDL_test_images.h">
      <Filter>Source Files\ThirdParty\SDL2\include</Filter>
    </ClInclude>
    <ClInclude Include="src\ThirdParty\SDL2\include\SDL_test_log.h">
      <Filter>Source Files\ThirdParty\SDL2\include</Filter>
    </ClInclude>
    <ClInclude Include="src\ThirdParty\SDL2\include\SDL_test_md5.h">
      <Filter>Source Files\ThirdParty\SDL2\include</Filter>
    </ClInclude>
    <ClInclude Include="src\ThirdParty\SDL2\include\SDL_test_random.h">
      <Filter>Source Files\ThirdParty\SDL2\include</Filter>
    </ClInclude>
    <ClInclude Include="src\ThirdParty\SDL2\include\SDL_thread.h">
      <Filter>Source Files\ThirdParty\SDL2\include</Filter>
    </ClInclude>
    <ClInclude Include="src\ThirdParty\SDL2\include\SDL_timer.h">
      <Filter>Source Files\ThirdParty\SDL2\include</Filter>
    </ClInclude>
    <ClInclude Include="src\ThirdParty\SDL2\include\SDL_touch.h">
      <Filter>Source Files\ThirdParty\SDL2\include</Filter>
    </ClInclude>
    <ClInclude Include="src\ThirdParty\SDL2\include\SDL_types.h">
      <Filter>Source Files\ThirdParty\SDL2\include</Filter>
    </ClInclude>
    <ClInclude Include="src\ThirdParty\SDL2\include\SDL_version.h">
      <Filter>Source Files\ThirdParty\SDL2\include</Filter>
    </ClInclude>
    <ClInclude Include="src\ThirdParty\SDL2\include\SDL_video.h">
      <Filter>Source Files\ThirdParty\SDL2\include</Filter>
    </ClInclude>
    <ClInclude Include="src\ThirdParty\SDL2\include\begin_code.h">
      <Filter>Source Files\ThirdParty\SDL2\include</Filter>
    </ClInclude>
    <ClInclude Include="src\ThirdParty\SDL2\include\close_code.h">
      <Filter>Source Files\ThirdParty\SDL2\include</Filter>
    </ClInclude>
    <ClInclude Include="src\ThirdParty\SDL2\include\SDL.h">
      <Filter>Source Files\ThirdParty\SDL2\include</Filter>
    </ClInclude>
    <ClInclude Include="src\ThirdParty\SDL2\include\SDL_assert.h">
      <Filter>Source Files\ThirdParty\SDL2\include</Filter>
    </ClInclude>
    <ClInclude Include="src\ThirdParty\SDL2\include\SDL_atomic.h">
      <Filter>Source Files\ThirdParty\SDL2\include</Filter>
    </ClInclude>
    <ClInclude Include="src\ThirdParty\SDL2\include\SDL_audio.h">
      <Filter>Source Files\ThirdParty\SDL2\include</Filter>
    </ClInclude>
    <ClInclude Include="src\ThirdParty\SDL2\include\SDL_bits.h">
      <Filter>Source Files\ThirdParty\SDL2\include</Filter>
    </ClInclude>
    <ClInclude Include="src\ThirdParty\SDL2\include\SDL_blendmode.h">
      <Filter>Source Files\ThirdParty\SDL2\include</Filter>
    </ClInclude>
    <ClInclude Include="src\ThirdParty\SDL2\include\SDL_clipboard.h">
      <Filter>Source Files\ThirdParty\SDL2\include</Filter>
    </ClInclude>
    <ClInclude Include="src\Scenes\CHomingMissile.h">
      <Filter>Source Files\Scenes</Filter>
    </ClInclude>
  </ItemGroup>
  <ItemGroup>
    <ClCompile Include="src\main.cpp">
      <Filter>Source Files</Filter>
    </ClCompile>
    <ClCompile Include="src\ThirdParty\imgui\imgui.cpp">
      <Filter>Source Files\ThirdParty\imgui</Filter>
    </ClCompile>
    <ClCompile Include="src\ThirdParty\imgui\imgui_demo.cpp">
      <Filter>Source Files\ThirdParty\imgui</Filter>
    </ClCompile>
    <ClCompile Include="src\ThirdParty\imgui\imgui_draw.cpp">
      <Filter>Source Files\ThirdParty\imgui</Filter>
    </ClCompile>
    <ClCompile Include="src\ThirdParty\GL\gl3w.c">
      <Filter>Source Files\ThirdParty\GL</Filter>
    </ClCompile>
    <ClCompile Include="src\ThirdParty\imgui\examples\sdl_opengl3_example\imgui_impl_sdl_gl3.cpp">
      <Filter>Source Files\ThirdParty\imgui\examples\sdl_opengl3_example</Filter>
    </ClCompile>
    <ClCompile Include="src\Tests.cpp">
      <Filter>Source Files</Filter>
    </ClCompile>
    <ClCompile Include="src\Scenes\CSierpinskiTriangle.cpp">
      <Filter>Source Files\Scenes</Filter>
    </ClCompile>
    <ClCompile Include="src\Scenes\CGeometryPlayground.cpp">
      <Filter>Source Files\Scenes</Filter>
    </ClCompile>
    <ClCompile Include="src\CRenderer.cpp">
      <Filter>Source Files</Filter>
    </ClCompile>
    <ClCompile Include="src\CUserInterface.cpp">
      <Filter>Source Files</Filter>
    </ClCompile>
    <ClCompile Include="src\RLMath\Vectors.cpp">
      <Filter>Source Files\RLMath</Filter>
    </ClCompile>
    <ClCompile Include="src\CSceneManager.cpp">
      <Filter>Source Files</Filter>
    </ClCompile>
    <ClCompile Include="src\Scenes\CHomingMissile.cpp">
      <Filter>Source Files\Scenes</Filter>
    </ClCompile>
  </ItemGroup>
  <ItemGroup>
    <None Include="src\ThirdParty\imgui\LICENSE">
      <Filter>Source Files\ThirdParty\imgui</Filter>
    </None>
    <None Include="src\ThirdParty\imgui\README.md">
      <Filter>Source Files\ThirdParty\imgui</Filter>
    </None>
    <None Include="src\RLMath\Matrix.h">
      <Filter>Source Files\RLMath</Filter>
    </None>
    <None Include="src\RLMath\RLMath.inl">
      <Filter>Source Files\RLMath</Filter>
    </None>
  </ItemGroup>
</Project>